// !$*UTF8*$!
{
	archiveVersion = 1;
	classes = {
	};
	objectVersion = 77;
	objects = {

/* Begin PBXBuildFile section */
		650682932D21E279006EC566 /* LiveActivityTimerAttributes.swift in Sources */ = {isa = PBXBuildFile; fileRef = 6506827E2D21E279006EC566 /* LiveActivityTimerAttributes.swift */; };
		6506829A2D21E279006EC566 /* LiveActivityTimerAttributes.swift in Sources */ = {isa = PBXBuildFile; fileRef = 6506827E2D21E279006EC566 /* LiveActivityTimerAttributes.swift */; };
		650682A92D21E4B4006EC566 /* ActivityKit.framework in Frameworks */ = {isa = PBXBuildFile; fileRef = 650682A82D21E4B4006EC566 /* ActivityKit.framework */; };
		650682E52D22CF11006EC566 /* Constants (K).swift in Sources */ = {isa = PBXBuildFile; fileRef = 650682E42D22CF11006EC566 /* Constants (K).swift */; };
		650682E62D22CF11006EC566 /* Constants (K).swift in Sources */ = {isa = PBXBuildFile; fileRef = 650682E42D22CF11006EC566 /* Constants (K).swift */; };
		6510945B2D03954700F0853C /* SwiftUI.framework in Frameworks */ = {isa = PBXBuildFile; fileRef = 6510945A2D03954700F0853C /* SwiftUI.framework */; };
		651094662D03954A00F0853C /* OfflineWidgetExtension.appex in Embed Foundation Extensions */ = {isa = PBXBuildFile; fileRef = 651094562D03954700F0853C /* OfflineWidgetExtension.appex */; settings = {ATTRIBUTES = (RemoveHeadersOnCopy, ); }; };
		651BB9122D2C7199005BE4E9 /* FirebaseDatabase in Frameworks */ = {isa = PBXBuildFile; productRef = 651BB9112D2C7199005BE4E9 /* FirebaseDatabase */; };
		651BB9142D2C7268005BE4E9 /* FirebaseDatabase in Frameworks */ = {isa = PBXBuildFile; productRef = 651BB9132D2C7268005BE4E9 /* FirebaseDatabase */; };
		651F19912D3AD63300A433C4 /* SwiftUIViewController.swift in Sources */ = {isa = PBXBuildFile; fileRef = 651F19902D3AD63300A433C4 /* SwiftUIViewController.swift */; };
		651F19922D3AD63300A433C4 /* SwiftUIViewController.swift in Sources */ = {isa = PBXBuildFile; fileRef = 651F19902D3AD63300A433C4 /* SwiftUIViewController.swift */; };
		65AFF78E2D31AB0A00EE4508 /* Lottie in Frameworks */ = {isa = PBXBuildFile; productRef = 65AFF78D2D31AB0A00EE4508 /* Lottie */; };
/* End PBXBuildFile section */

/* Begin PBXContainerItemProxy section */
		651094642D03954A00F0853C /* PBXContainerItemProxy */ = {
			isa = PBXContainerItemProxy;
			containerPortal = 65BD0C2E2CFBBB35004031F5 /* Project object */;
			proxyType = 1;
			remoteGlobalIDString = 651094552D03954700F0853C;
			remoteInfo = OfflineWidgetExtension;
		};
/* End PBXContainerItemProxy section */

/* Begin PBXCopyFilesBuildPhase section */
		651094672D03954A00F0853C /* Embed Foundation Extensions */ = {
			isa = PBXCopyFilesBuildPhase;
			buildActionMask = 8;
			dstPath = "";
			dstSubfolderSpec = 13;
			files = (
				651094662D03954A00F0853C /* OfflineWidgetExtension.appex in Embed Foundation Extensions */,
			);
			name = "Embed Foundation Extensions";
			runOnlyForDeploymentPostprocessing = 1;
		};
/* End PBXCopyFilesBuildPhase section */

/* Begin PBXFileReference section */
		6506827E2D21E279006EC566 /* LiveActivityTimerAttributes.swift */ = {isa = PBXFileReference; lastKnownFileType = sourcecode.swift; path = LiveActivityTimerAttributes.swift; sourceTree = "<group>"; };
		650682A82D21E4B4006EC566 /* ActivityKit.framework */ = {isa = PBXFileReference; lastKnownFileType = wrapper.framework; name = ActivityKit.framework; path = System/Library/Frameworks/ActivityKit.framework; sourceTree = SDKROOT; };
		650682E42D22CF11006EC566 /* Constants (K).swift */ = {isa = PBXFileReference; lastKnownFileType = sourcecode.swift; path = "Constants (K).swift"; sourceTree = "<group>"; };
		650F2D7E2D3943D500B4C4A3 /* TODOs.swift */ = {isa = PBXFileReference; lastKnownFileType = sourcecode.swift; path = TODOs.swift; sourceTree = "<group>"; };
		651094562D03954700F0853C /* OfflineWidgetExtension.appex */ = {isa = PBXFileReference; explicitFileType = "wrapper.app-extension"; includeInIndex = 0; path = OfflineWidgetExtension.appex; sourceTree = BUILT_PRODUCTS_DIR; };
		651094582D03954700F0853C /* WidgetKit.framework */ = {isa = PBXFileReference; lastKnownFileType = wrapper.framework; name = WidgetKit.framework; path = System/Library/Frameworks/WidgetKit.framework; sourceTree = SDKROOT; };
		6510945A2D03954700F0853C /* SwiftUI.framework */ = {isa = PBXFileReference; lastKnownFileType = wrapper.framework; name = SwiftUI.framework; path = System/Library/Frameworks/SwiftUI.framework; sourceTree = SDKROOT; };
		651F19902D3AD63300A433C4 /* SwiftUIViewController.swift */ = {isa = PBXFileReference; lastKnownFileType = sourcecode.swift; path = SwiftUIViewController.swift; sourceTree = "<group>"; };
		65BD0C362CFBBB35004031F5 /* The Offline Game.app */ = {isa = PBXFileReference; explicitFileType = wrapper.application; includeInIndex = 0; path = "The Offline Game.app"; sourceTree = BUILT_PRODUCTS_DIR; };
/* End PBXFileReference section */

/* Begin PBXFileSystemSynchronizedBuildFileExceptionSet section */
		651C4E582D2C59160007CA0B /* Exceptions for "Helper" folder in "OfflineWidgetExtension" target */ = {
			isa = PBXFileSystemSynchronizedBuildFileExceptionSet;
			membershipExceptions = (
				"Extension/Duration extension.swift",
				Modifiers/DelayModifier.swift,
			);
			target = 651094552D03954700F0853C /* OfflineWidgetExtension */;
		};
		654CD5F82D29B90200530632 /* Exceptions for "OfflineWidget" folder in "OfflineWidgetExtension" target */ = {
			isa = PBXFileSystemSynchronizedBuildFileExceptionSet;
			membershipExceptions = (
				Info.plist,
			);
			target = 651094552D03954700F0853C /* OfflineWidgetExtension */;
		};
/* End PBXFileSystemSynchronizedBuildFileExceptionSet section */

/* Begin PBXFileSystemSynchronizedRootGroup section */
		650682ED2D231943006EC566 /* Helper */ = {
			isa = PBXFileSystemSynchronizedRootGroup;
			exceptions = (
				651C4E582D2C59160007CA0B /* Exceptions for "Helper" folder in "OfflineWidgetExtension" target */,
			);
			path = Helper;
			sourceTree = "<group>";
		};
		650682F42D231948006EC566 /* Model */ = {
			isa = PBXFileSystemSynchronizedRootGroup;
			path = Model;
			sourceTree = "<group>";
		};
		6510945C2D03954700F0853C /* OfflineWidget */ = {
			isa = PBXFileSystemSynchronizedRootGroup;
			exceptions = (
				654CD5F82D29B90200530632 /* Exceptions for "OfflineWidget" folder in "OfflineWidgetExtension" target */,
			);
			path = OfflineWidget;
			sourceTree = "<group>";
		};
		65704A752D284B4900EC54DB /* Fonts */ = {
			isa = PBXFileSystemSynchronizedRootGroup;
			path = Fonts;
			sourceTree = "<group>";
		};
		65BD0C382CFBBB35004031F5 /* The Offline Game */ = {
			isa = PBXFileSystemSynchronizedRootGroup;
			path = "The Offline Game";
			sourceTree = "<group>";
		};
/* End PBXFileSystemSynchronizedRootGroup section */

/* Begin PBXFrameworksBuildPhase section */
		651094532D03954700F0853C /* Frameworks */ = {
			isa = PBXFrameworksBuildPhase;
			buildActionMask = 2147483647;
			files = (
				651BB9142D2C7268005BE4E9 /* FirebaseDatabase in Frameworks */,
				650682A92D21E4B4006EC566 /* ActivityKit.framework in Frameworks */,
				6510945B2D03954700F0853C /* SwiftUI.framework in Frameworks */,
			);
			runOnlyForDeploymentPostprocessing = 0;
		};
		65BD0C332CFBBB35004031F5 /* Frameworks */ = {
			isa = PBXFrameworksBuildPhase;
			buildActionMask = 2147483647;
			files = (
				651BB9122D2C7199005BE4E9 /* FirebaseDatabase in Frameworks */,
				65AFF78E2D31AB0A00EE4508 /* Lottie in Frameworks */,
			);
			runOnlyForDeploymentPostprocessing = 0;
		};
/* End PBXFrameworksBuildPhase section */

/* Begin PBXGroup section */
		650682E12D21E6A0006EC566 /* Shared */ = {
			isa = PBXGroup;
			children = (
				65704A752D284B4900EC54DB /* Fonts */,
				6506827E2D21E279006EC566 /* LiveActivityTimerAttributes.swift */,
				650682E42D22CF11006EC566 /* Constants (K).swift */,
				650682ED2D231943006EC566 /* Helper */,
				650682F42D231948006EC566 /* Model */,
				651F19902D3AD63300A433C4 /* SwiftUIViewController.swift */,
			);
			path = Shared;
			sourceTree = "<group>";
		};
		651094572D03954700F0853C /* Frameworks */ = {
			isa = PBXGroup;
			children = (
				650682A82D21E4B4006EC566 /* ActivityKit.framework */,
				651094582D03954700F0853C /* WidgetKit.framework */,
				6510945A2D03954700F0853C /* SwiftUI.framework */,
			);
			name = Frameworks;
			sourceTree = "<group>";
		};
		65BD0C2D2CFBBB35004031F5 = {
			isa = PBXGroup;
			children = (
				650F2D7E2D3943D500B4C4A3 /* TODOs.swift */,
				650682E12D21E6A0006EC566 /* Shared */,
				65BD0C382CFBBB35004031F5 /* The Offline Game */,
				6510945C2D03954700F0853C /* OfflineWidget */,
				651094572D03954700F0853C /* Frameworks */,
				65BD0C372CFBBB35004031F5 /* Products */,
			);
			sourceTree = "<group>";
		};
		65BD0C372CFBBB35004031F5 /* Products */ = {
			isa = PBXGroup;
			children = (
				65BD0C362CFBBB35004031F5 /* The Offline Game.app */,
				651094562D03954700F0853C /* OfflineWidgetExtension.appex */,
			);
			name = Products;
			sourceTree = "<group>";
		};
/* End PBXGroup section */

/* Begin PBXNativeTarget section */
		651094552D03954700F0853C /* OfflineWidgetExtension */ = {
			isa = PBXNativeTarget;
			buildConfigurationList = 6510946B2D03954A00F0853C /* Build configuration list for PBXNativeTarget "OfflineWidgetExtension" */;
			buildPhases = (
				651094522D03954700F0853C /* Sources */,
				651094532D03954700F0853C /* Frameworks */,
				651094542D03954700F0853C /* Resources */,
			);
			buildRules = (
			);
			dependencies = (
			);
			fileSystemSynchronizedGroups = (
				6510945C2D03954700F0853C /* OfflineWidget */,
				65704A752D284B4900EC54DB /* Fonts */,
			);
			name = OfflineWidgetExtension;
			packageProductDependencies = (
				651BB9132D2C7268005BE4E9 /* FirebaseDatabase */,
			);
			productName = OfflineWidgetExtension;
			productReference = 651094562D03954700F0853C /* OfflineWidgetExtension.appex */;
			productType = "com.apple.product-type.app-extension";
		};
		65BD0C352CFBBB35004031F5 /* The Offline Game */ = {
			isa = PBXNativeTarget;
			buildConfigurationList = 65BD0C442CFBBB38004031F5 /* Build configuration list for PBXNativeTarget "The Offline Game" */;
			buildPhases = (
				65BD0C322CFBBB35004031F5 /* Sources */,
				65BD0C332CFBBB35004031F5 /* Frameworks */,
				65BD0C342CFBBB35004031F5 /* Resources */,
				651094672D03954A00F0853C /* Embed Foundation Extensions */,
			);
			buildRules = (
			);
			dependencies = (
				651094652D03954A00F0853C /* PBXTargetDependency */,
			);
			fileSystemSynchronizedGroups = (
				650682ED2D231943006EC566 /* Helper */,
				650682F42D231948006EC566 /* Model */,
				65704A752D284B4900EC54DB /* Fonts */,
				65BD0C382CFBBB35004031F5 /* The Offline Game */,
			);
			name = "The Offline Game";
			packageProductDependencies = (
				651BB9112D2C7199005BE4E9 /* FirebaseDatabase */,
				65AFF78D2D31AB0A00EE4508 /* Lottie */,
			);
			productName = "The Offline Game";
			productReference = 65BD0C362CFBBB35004031F5 /* The Offline Game.app */;
			productType = "com.apple.product-type.application";
		};
/* End PBXNativeTarget section */

/* Begin PBXProject section */
		65BD0C2E2CFBBB35004031F5 /* Project object */ = {
			isa = PBXProject;
			attributes = {
				BuildIndependentTargetsInParallel = 1;
				LastSwiftUpdateCheck = 1620;
				LastUpgradeCheck = 1620;
				TargetAttributes = {
					651094552D03954700F0853C = {
						CreatedOnToolsVersion = 16.2;
					};
					65BD0C352CFBBB35004031F5 = {
						CreatedOnToolsVersion = 16.2;
					};
				};
			};
			buildConfigurationList = 65BD0C312CFBBB35004031F5 /* Build configuration list for PBXProject "The Offline Game" */;
			developmentRegion = en;
			hasScannedForEncodings = 0;
			knownRegions = (
				en,
				Base,
			);
			mainGroup = 65BD0C2D2CFBBB35004031F5;
			minimizedProjectReferenceProxies = 1;
			packageReferences = (
				651BB9102D2C7199005BE4E9 /* XCRemoteSwiftPackageReference "firebase-ios-sdk" */,
				65AFF78C2D31AB0A00EE4508 /* XCRemoteSwiftPackageReference "lottie-ios" */,
			);
			preferredProjectObjectVersion = 77;
			productRefGroup = 65BD0C372CFBBB35004031F5 /* Products */;
			projectDirPath = "";
			projectRoot = "";
			targets = (
				65BD0C352CFBBB35004031F5 /* The Offline Game */,
				651094552D03954700F0853C /* OfflineWidgetExtension */,
			);
		};
/* End PBXProject section */

/* Begin PBXResourcesBuildPhase section */
		651094542D03954700F0853C /* Resources */ = {
			isa = PBXResourcesBuildPhase;
			buildActionMask = 2147483647;
			files = (
			);
			runOnlyForDeploymentPostprocessing = 0;
		};
		65BD0C342CFBBB35004031F5 /* Resources */ = {
			isa = PBXResourcesBuildPhase;
			buildActionMask = 2147483647;
			files = (
			);
			runOnlyForDeploymentPostprocessing = 0;
		};
/* End PBXResourcesBuildPhase section */

/* Begin PBXSourcesBuildPhase section */
		651094522D03954700F0853C /* Sources */ = {
			isa = PBXSourcesBuildPhase;
			buildActionMask = 2147483647;
			files = (
				651F19912D3AD63300A433C4 /* SwiftUIViewController.swift in Sources */,
				6506829A2D21E279006EC566 /* LiveActivityTimerAttributes.swift in Sources */,
				650682E62D22CF11006EC566 /* Constants (K).swift in Sources */,
			);
			runOnlyForDeploymentPostprocessing = 0;
		};
		65BD0C322CFBBB35004031F5 /* Sources */ = {
			isa = PBXSourcesBuildPhase;
			buildActionMask = 2147483647;
			files = (
				650682E52D22CF11006EC566 /* Constants (K).swift in Sources */,
				651F19922D3AD63300A433C4 /* SwiftUIViewController.swift in Sources */,
				650682932D21E279006EC566 /* LiveActivityTimerAttributes.swift in Sources */,
			);
			runOnlyForDeploymentPostprocessing = 0;
		};
/* End PBXSourcesBuildPhase section */

/* Begin PBXTargetDependency section */
		651094652D03954A00F0853C /* PBXTargetDependency */ = {
			isa = PBXTargetDependency;
			target = 651094552D03954700F0853C /* OfflineWidgetExtension */;
			targetProxy = 651094642D03954A00F0853C /* PBXContainerItemProxy */;
		};
/* End PBXTargetDependency section */

/* Begin XCBuildConfiguration section */
		651094682D03954A00F0853C /* Debug */ = {
			isa = XCBuildConfiguration;
			buildSettings = {
				ASSETCATALOG_COMPILER_GLOBAL_ACCENT_COLOR_NAME = AccentColor;
				ASSETCATALOG_COMPILER_WIDGET_BACKGROUND_COLOR_NAME = WidgetBackground;
				CODE_SIGN_IDENTITY = "Apple Development";
				CODE_SIGN_STYLE = Automatic;
				CURRENT_PROJECT_VERSION = 1;
				DEVELOPMENT_TEAM = JGS842YL6F;
				GENERATE_INFOPLIST_FILE = YES;
				INFOPLIST_FILE = OfflineWidget/Info.plist;
				INFOPLIST_KEY_CFBundleDisplayName = OfflineWidget;
				INFOPLIST_KEY_NSHumanReadableCopyright = "";
				IPHONEOS_DEPLOYMENT_TARGET = 18.0;
				LD_RUNPATH_SEARCH_PATHS = (
					"$(inherited)",
					"@executable_path/Frameworks",
					"@executable_path/../../Frameworks",
				);
				MARKETING_VERSION = 1.0;
				PRODUCT_BUNDLE_IDENTIFIER = "co.antigrav.The-Offline-Game.OfflineWidget";
				PRODUCT_NAME = "$(TARGET_NAME)";
				PROVISIONING_PROFILE_SPECIFIER = "";
				SKIP_INSTALL = YES;
				SWIFT_EMIT_LOC_STRINGS = YES;
				SWIFT_VERSION = 5.0;
				TARGETED_DEVICE_FAMILY = "1,2";
			};
			name = Debug;
		};
		651094692D03954A00F0853C /* Release */ = {
			isa = XCBuildConfiguration;
			buildSettings = {
				ASSETCATALOG_COMPILER_GLOBAL_ACCENT_COLOR_NAME = AccentColor;
				ASSETCATALOG_COMPILER_WIDGET_BACKGROUND_COLOR_NAME = WidgetBackground;
				CODE_SIGN_IDENTITY = "Apple Development";
				CODE_SIGN_STYLE = Automatic;
				CURRENT_PROJECT_VERSION = 1;
				DEVELOPMENT_TEAM = JGS842YL6F;
				GENERATE_INFOPLIST_FILE = YES;
				INFOPLIST_FILE = OfflineWidget/Info.plist;
				INFOPLIST_KEY_CFBundleDisplayName = OfflineWidget;
				INFOPLIST_KEY_NSHumanReadableCopyright = "";
				IPHONEOS_DEPLOYMENT_TARGET = 18.0;
				LD_RUNPATH_SEARCH_PATHS = (
					"$(inherited)",
					"@executable_path/Frameworks",
					"@executable_path/../../Frameworks",
				);
				MARKETING_VERSION = 1.0;
				PRODUCT_BUNDLE_IDENTIFIER = "co.antigrav.The-Offline-Game.OfflineWidget";
				PRODUCT_NAME = "$(TARGET_NAME)";
				PROVISIONING_PROFILE_SPECIFIER = "";
				SKIP_INSTALL = YES;
				SWIFT_EMIT_LOC_STRINGS = YES;
				SWIFT_VERSION = 5.0;
				TARGETED_DEVICE_FAMILY = "1,2";
			};
			name = Release;
		};
		65BD0C422CFBBB38004031F5 /* Debug */ = {
			isa = XCBuildConfiguration;
			buildSettings = {
				ALWAYS_SEARCH_USER_PATHS = NO;
				ASSETCATALOG_COMPILER_GENERATE_SWIFT_ASSET_SYMBOL_EXTENSIONS = YES;
				CLANG_ANALYZER_NONNULL = YES;
				CLANG_ANALYZER_NUMBER_OBJECT_CONVERSION = YES_AGGRESSIVE;
				CLANG_CXX_LANGUAGE_STANDARD = "gnu++20";
				CLANG_ENABLE_MODULES = YES;
				CLANG_ENABLE_OBJC_ARC = YES;
				CLANG_ENABLE_OBJC_WEAK = YES;
				CLANG_WARN_BLOCK_CAPTURE_AUTORELEASING = YES;
				CLANG_WARN_BOOL_CONVERSION = YES;
				CLANG_WARN_COMMA = YES;
				CLANG_WARN_CONSTANT_CONVERSION = YES;
				CLANG_WARN_DEPRECATED_OBJC_IMPLEMENTATIONS = YES;
				CLANG_WARN_DIRECT_OBJC_ISA_USAGE = YES_ERROR;
				CLANG_WARN_DOCUMENTATION_COMMENTS = YES;
				CLANG_WARN_EMPTY_BODY = YES;
				CLANG_WARN_ENUM_CONVERSION = YES;
				CLANG_WARN_INFINITE_RECURSION = YES;
				CLANG_WARN_INT_CONVERSION = YES;
				CLANG_WARN_NON_LITERAL_NULL_CONVERSION = YES;
				CLANG_WARN_OBJC_IMPLICIT_RETAIN_SELF = YES;
				CLANG_WARN_OBJC_LITERAL_CONVERSION = YES;
				CLANG_WARN_OBJC_ROOT_CLASS = YES_ERROR;
				CLANG_WARN_QUOTED_INCLUDE_IN_FRAMEWORK_HEADER = YES;
				CLANG_WARN_RANGE_LOOP_ANALYSIS = YES;
				CLANG_WARN_STRICT_PROTOTYPES = YES;
				CLANG_WARN_SUSPICIOUS_MOVE = YES;
				CLANG_WARN_UNGUARDED_AVAILABILITY = YES_AGGRESSIVE;
				CLANG_WARN_UNREACHABLE_CODE = YES;
				CLANG_WARN__DUPLICATE_METHOD_MATCH = YES;
				COPY_PHASE_STRIP = NO;
				DEBUG_INFORMATION_FORMAT = dwarf;
				ENABLE_STRICT_OBJC_MSGSEND = YES;
				ENABLE_TESTABILITY = YES;
				ENABLE_USER_SCRIPT_SANDBOXING = YES;
				GCC_C_LANGUAGE_STANDARD = gnu17;
				GCC_DYNAMIC_NO_PIC = NO;
				GCC_NO_COMMON_BLOCKS = YES;
				GCC_OPTIMIZATION_LEVEL = 0;
				GCC_PREPROCESSOR_DEFINITIONS = (
					"DEBUG=1",
					"$(inherited)",
				);
				GCC_WARN_64_TO_32_BIT_CONVERSION = YES;
				GCC_WARN_ABOUT_RETURN_TYPE = YES_ERROR;
				GCC_WARN_UNDECLARED_SELECTOR = YES;
				GCC_WARN_UNINITIALIZED_AUTOS = YES_AGGRESSIVE;
				GCC_WARN_UNUSED_FUNCTION = YES;
				GCC_WARN_UNUSED_VARIABLE = YES;
				IPHONEOS_DEPLOYMENT_TARGET = 18.0;
				LOCALIZATION_PREFERS_STRING_CATALOGS = YES;
				MTL_ENABLE_DEBUG_INFO = INCLUDE_SOURCE;
				MTL_FAST_MATH = YES;
				ONLY_ACTIVE_ARCH = YES;
				SDKROOT = iphoneos;
				SWIFT_ACTIVE_COMPILATION_CONDITIONS = "DEBUG $(inherited)";
				SWIFT_OPTIMIZATION_LEVEL = "-Onone";
			};
			name = Debug;
		};
		65BD0C432CFBBB38004031F5 /* Release */ = {
			isa = XCBuildConfiguration;
			buildSettings = {
				ALWAYS_SEARCH_USER_PATHS = NO;
				ASSETCATALOG_COMPILER_GENERATE_SWIFT_ASSET_SYMBOL_EXTENSIONS = YES;
				CLANG_ANALYZER_NONNULL = YES;
				CLANG_ANALYZER_NUMBER_OBJECT_CONVERSION = YES_AGGRESSIVE;
				CLANG_CXX_LANGUAGE_STANDARD = "gnu++20";
				CLANG_ENABLE_MODULES = YES;
				CLANG_ENABLE_OBJC_ARC = YES;
				CLANG_ENABLE_OBJC_WEAK = YES;
				CLANG_WARN_BLOCK_CAPTURE_AUTORELEASING = YES;
				CLANG_WARN_BOOL_CONVERSION = YES;
				CLANG_WARN_COMMA = YES;
				CLANG_WARN_CONSTANT_CONVERSION = YES;
				CLANG_WARN_DEPRECATED_OBJC_IMPLEMENTATIONS = YES;
				CLANG_WARN_DIRECT_OBJC_ISA_USAGE = YES_ERROR;
				CLANG_WARN_DOCUMENTATION_COMMENTS = YES;
				CLANG_WARN_EMPTY_BODY = YES;
				CLANG_WARN_ENUM_CONVERSION = YES;
				CLANG_WARN_INFINITE_RECURSION = YES;
				CLANG_WARN_INT_CONVERSION = YES;
				CLANG_WARN_NON_LITERAL_NULL_CONVERSION = YES;
				CLANG_WARN_OBJC_IMPLICIT_RETAIN_SELF = YES;
				CLANG_WARN_OBJC_LITERAL_CONVERSION = YES;
				CLANG_WARN_OBJC_ROOT_CLASS = YES_ERROR;
				CLANG_WARN_QUOTED_INCLUDE_IN_FRAMEWORK_HEADER = YES;
				CLANG_WARN_RANGE_LOOP_ANALYSIS = YES;
				CLANG_WARN_STRICT_PROTOTYPES = YES;
				CLANG_WARN_SUSPICIOUS_MOVE = YES;
				CLANG_WARN_UNGUARDED_AVAILABILITY = YES_AGGRESSIVE;
				CLANG_WARN_UNREACHABLE_CODE = YES;
				CLANG_WARN__DUPLICATE_METHOD_MATCH = YES;
				COPY_PHASE_STRIP = NO;
				DEBUG_INFORMATION_FORMAT = "dwarf-with-dsym";
				ENABLE_NS_ASSERTIONS = NO;
				ENABLE_STRICT_OBJC_MSGSEND = YES;
				ENABLE_USER_SCRIPT_SANDBOXING = YES;
				GCC_C_LANGUAGE_STANDARD = gnu17;
				GCC_NO_COMMON_BLOCKS = YES;
				GCC_WARN_64_TO_32_BIT_CONVERSION = YES;
				GCC_WARN_ABOUT_RETURN_TYPE = YES_ERROR;
				GCC_WARN_UNDECLARED_SELECTOR = YES;
				GCC_WARN_UNINITIALIZED_AUTOS = YES_AGGRESSIVE;
				GCC_WARN_UNUSED_FUNCTION = YES;
				GCC_WARN_UNUSED_VARIABLE = YES;
				IPHONEOS_DEPLOYMENT_TARGET = 18.0;
				LOCALIZATION_PREFERS_STRING_CATALOGS = YES;
				MTL_ENABLE_DEBUG_INFO = NO;
				MTL_FAST_MATH = YES;
				SDKROOT = iphoneos;
				SWIFT_COMPILATION_MODE = wholemodule;
				VALIDATE_PRODUCT = YES;
			};
			name = Release;
		};
		65BD0C452CFBBB38004031F5 /* Debug */ = {
			isa = XCBuildConfiguration;
			buildSettings = {
				ASSETCATALOG_COMPILER_APPICON_NAME = AppIcon;
				ASSETCATALOG_COMPILER_GLOBAL_ACCENT_COLOR_NAME = AccentColor;
				CODE_SIGN_ENTITLEMENTS = "The Offline Game/The Offline Game.entitlements";
				CODE_SIGN_IDENTITY = "Apple Development";
				CODE_SIGN_STYLE = Automatic;
				CURRENT_PROJECT_VERSION = 1;
				DEVELOPMENT_ASSET_PATHS = "\"The Offline Game/Preview Content\"";
				DEVELOPMENT_TEAM = JGS842YL6F;
				ENABLE_PREVIEWS = YES;
				GENERATE_INFOPLIST_FILE = YES;
				INFOPLIST_FILE = "The-Offline-Game-Info.plist";
				INFOPLIST_KEY_NSCameraUsageDescription = "We need access to your camera so you can take a profile picture.";
				INFOPLIST_KEY_NSSupportsLiveActivities = YES;
				INFOPLIST_KEY_UIApplicationSceneManifest_Generation = YES;
				INFOPLIST_KEY_UIApplicationSupportsIndirectInputEvents = YES;
				INFOPLIST_KEY_UILaunchScreen_Generation = YES;
				INFOPLIST_KEY_UISupportedInterfaceOrientations_iPad = "UIInterfaceOrientationPortrait UIInterfaceOrientationPortraitUpsideDown UIInterfaceOrientationLandscapeLeft UIInterfaceOrientationLandscapeRight";
				INFOPLIST_KEY_UISupportedInterfaceOrientations_iPhone = "UIInterfaceOrientationPortrait UIInterfaceOrientationLandscapeLeft UIInterfaceOrientationLandscapeRight";
				IPHONEOS_DEPLOYMENT_TARGET = 18.0;
				LD_RUNPATH_SEARCH_PATHS = (
					"$(inherited)",
					"@executable_path/Frameworks",
				);
				MARKETING_VERSION = 1.0;
				PRODUCT_BUNDLE_IDENTIFIER = "co.antigrav.The-Offline-Game";
				PRODUCT_NAME = "$(TARGET_NAME)";
				PROVISIONING_PROFILE_SPECIFIER = "";
				SWIFT_EMIT_LOC_STRINGS = YES;
				SWIFT_VERSION = 5.0;
				TARGETED_DEVICE_FAMILY = "1,2";
			};
			name = Debug;
		};
		65BD0C462CFBBB38004031F5 /* Release */ = {
			isa = XCBuildConfiguration;
			buildSettings = {
				ASSETCATALOG_COMPILER_APPICON_NAME = AppIcon;
				ASSETCATALOG_COMPILER_GLOBAL_ACCENT_COLOR_NAME = AccentColor;
				CODE_SIGN_ENTITLEMENTS = "The Offline Game/The Offline Game.entitlements";
				CODE_SIGN_IDENTITY = "Apple Development";
				CODE_SIGN_STYLE = Automatic;
				CURRENT_PROJECT_VERSION = 1;
				DEVELOPMENT_ASSET_PATHS = "\"The Offline Game/Preview Content\"";
				DEVELOPMENT_TEAM = JGS842YL6F;
				ENABLE_PREVIEWS = YES;
				GENERATE_INFOPLIST_FILE = YES;
				INFOPLIST_FILE = "The-Offline-Game-Info.plist";
				INFOPLIST_KEY_NSCameraUsageDescription = "We need access to your camera so you can take a profile picture.";
				INFOPLIST_KEY_NSSupportsLiveActivities = YES;
				INFOPLIST_KEY_UIApplicationSceneManifest_Generation = YES;
				INFOPLIST_KEY_UIApplicationSupportsIndirectInputEvents = YES;
				INFOPLIST_KEY_UILaunchScreen_Generation = YES;
				INFOPLIST_KEY_UISupportedInterfaceOrientations_iPad = "UIInterfaceOrientationPortrait UIInterfaceOrientationPortraitUpsideDown UIInterfaceOrientationLandscapeLeft UIInterfaceOrientationLandscapeRight";
				INFOPLIST_KEY_UISupportedInterfaceOrientations_iPhone = "UIInterfaceOrientationPortrait UIInterfaceOrientationLandscapeLeft UIInterfaceOrientationLandscapeRight";
				IPHONEOS_DEPLOYMENT_TARGET = 18.0;
				LD_RUNPATH_SEARCH_PATHS = (
					"$(inherited)",
					"@executable_path/Frameworks",
				);
				MARKETING_VERSION = 1.0;
				PRODUCT_BUNDLE_IDENTIFIER = "co.antigrav.The-Offline-Game";
				PRODUCT_NAME = "$(TARGET_NAME)";
				PROVISIONING_PROFILE_SPECIFIER = "";
				SWIFT_EMIT_LOC_STRINGS = YES;
				SWIFT_VERSION = 5.0;
				TARGETED_DEVICE_FAMILY = "1,2";
			};
			name = Release;
		};
/* End XCBuildConfiguration section */

/* Begin XCConfigurationList section */
		6510946B2D03954A00F0853C /* Build configuration list for PBXNativeTarget "OfflineWidgetExtension" */ = {
			isa = XCConfigurationList;
			buildConfigurations = (
				651094682D03954A00F0853C /* Debug */,
				651094692D03954A00F0853C /* Release */,
			);
			defaultConfigurationIsVisible = 0;
			defaultConfigurationName = Release;
		};
		65BD0C312CFBBB35004031F5 /* Build configuration list for PBXProject "The Offline Game" */ = {
			isa = XCConfigurationList;
			buildConfigurations = (
				65BD0C422CFBBB38004031F5 /* Debug */,
				65BD0C432CFBBB38004031F5 /* Release */,
			);
			defaultConfigurationIsVisible = 0;
			defaultConfigurationName = Release;
		};
		65BD0C442CFBBB38004031F5 /* Build configuration list for PBXNativeTarget "The Offline Game" */ = {
			isa = XCConfigurationList;
			buildConfigurations = (
				65BD0C452CFBBB38004031F5 /* Debug */,
				65BD0C462CFBBB38004031F5 /* Release */,
			);
			defaultConfigurationIsVisible = 0;
			defaultConfigurationName = Release;
		};
/* End XCConfigurationList section */

/* Begin XCRemoteSwiftPackageReference section */
		651BB9102D2C7199005BE4E9 /* XCRemoteSwiftPackageReference "firebase-ios-sdk" */ = {
			isa = XCRemoteSwiftPackageReference;
			repositoryURL = "https://github.com/firebase/firebase-ios-sdk";
			requirement = {
				kind = upToNextMajorVersion;
				minimumVersion = 11.6.0;
			};
		};
		65AFF78C2D31AB0A00EE4508 /* XCRemoteSwiftPackageReference "lottie-ios" */ = {
			isa = XCRemoteSwiftPackageReference;
			repositoryURL = "https://github.com/airbnb/lottie-ios.git";
			requirement = {
				kind = upToNextMajorVersion;
				minimumVersion = 4.5.1;
			};
		};
/* End XCRemoteSwiftPackageReference section */

/* Begin XCSwiftPackageProductDependency section */
		651BB9112D2C7199005BE4E9 /* FirebaseDatabase */ = {
			isa = XCSwiftPackageProductDependency;
			package = 651BB9102D2C7199005BE4E9 /* XCRemoteSwiftPackageReference "firebase-ios-sdk" */;
			productName = FirebaseDatabase;
		};
		651BB9132D2C7268005BE4E9 /* FirebaseDatabase */ = {
			isa = XCSwiftPackageProductDependency;
			package = 651BB9102D2C7199005BE4E9 /* XCRemoteSwiftPackageReference "firebase-ios-sdk" */;
			productName = FirebaseDatabase;
		};
		65AFF78D2D31AB0A00EE4508 /* Lottie */ = {
			isa = XCSwiftPackageProductDependency;
			package = 65AFF78C2D31AB0A00EE4508 /* XCRemoteSwiftPackageReference "lottie-ios" */;
			productName = Lottie;
		};
/* End XCSwiftPackageProductDependency section */
	};
	rootObject = 65BD0C2E2CFBBB35004031F5 /* Project object */;
}
