// !$*UTF8*$!
{
	archiveVersion = 1;
	classes = {
	};
	objectVersion = 77;
	objects = {

/* Begin PBXBuildFile section */
		654F89A02D7E179000647B2D /* ManagedSettings.framework in Frameworks */ = {isa = PBXBuildFile; fileRef = 654F899F2D7E179000647B2D /* ManagedSettings.framework */; };
		654F89A22D7E179000647B2D /* ManagedSettingsUI.framework in Frameworks */ = {isa = PBXBuildFile; fileRef = 654F89A12D7E179000647B2D /* ManagedSettingsUI.framework */; };
		654F89AA2D7E179000647B2D /* ManagedSettingsShieldConfig.appex in Embed Foundation Extensions */ = {isa = PBXBuildFile; fileRef = 654F899E2D7E179000647B2D /* ManagedSettingsShieldConfig.appex */; settings = {ATTRIBUTES = (RemoveHeadersOnCopy, ); }; };
		65C4D0CE2D6FBC5A00EC88D5 /* WidgetKit.framework in Frameworks */ = {isa = PBXBuildFile; fileRef = 65C4D0CD2D6FBC5A00EC88D5 /* WidgetKit.framework */; };
		65C4D0D02D6FBC5A00EC88D5 /* SwiftUI.framework in Frameworks */ = {isa = PBXBuildFile; fileRef = 65C4D0CF2D6FBC5A00EC88D5 /* SwiftUI.framework */; };
		65C4D0DB2D6FBC6300EC88D5 /* OfflineWidgetExtension.appex in Embed Foundation Extensions */ = {isa = PBXBuildFile; fileRef = 65C4D0CB2D6FBC5A00EC88D5 /* OfflineWidgetExtension.appex */; settings = {ATTRIBUTES = (RemoveHeadersOnCopy, ); }; };
		65C4D31C2D6FC06400EC88D5 /* Lottie in Frameworks */ = {isa = PBXBuildFile; productRef = 65C4D31B2D6FC06400EC88D5 /* Lottie */; };
		65C4D31F2D6FC06D00EC88D5 /* WishKit in Frameworks */ = {isa = PBXBuildFile; productRef = 65C4D31E2D6FC06D00EC88D5 /* WishKit */; };
		65C4D3222D6FC07800EC88D5 /* ConnectivityKit in Frameworks */ = {isa = PBXBuildFile; productRef = 65C4D3212D6FC07800EC88D5 /* ConnectivityKit */; };
		65C4D3252D6FC0ED00EC88D5 /* FirebaseDatabase in Frameworks */ = {isa = PBXBuildFile; productRef = 65C4D3242D6FC0ED00EC88D5 /* FirebaseDatabase */; };
/* End PBXBuildFile section */

/* Begin PBXContainerItemProxy section */
		654F89A82D7E179000647B2D /* PBXContainerItemProxy */ = {
			isa = PBXContainerItemProxy;
			containerPortal = 65C4D0AE2D6FBC2E00EC88D5 /* Project object */;
			proxyType = 1;
			remoteGlobalIDString = 654F899D2D7E179000647B2D;
			remoteInfo = ManagedSettingsShieldConfig;
		};
		65C4D0D92D6FBC6300EC88D5 /* PBXContainerItemProxy */ = {
			isa = PBXContainerItemProxy;
			containerPortal = 65C4D0AE2D6FBC2E00EC88D5 /* Project object */;
			proxyType = 1;
			remoteGlobalIDString = 65C4D0CA2D6FBC5A00EC88D5;
			remoteInfo = OfflineWidgetExtension;
		};
/* End PBXContainerItemProxy section */

/* Begin PBXCopyFilesBuildPhase section */
		65C4D0E02D6FBC6300EC88D5 /* Embed Foundation Extensions */ = {
			isa = PBXCopyFilesBuildPhase;
			buildActionMask = 2147483647;
			dstPath = "";
			dstSubfolderSpec = 13;
			files = (
				654F89AA2D7E179000647B2D /* ManagedSettingsShieldConfig.appex in Embed Foundation Extensions */,
				65C4D0DB2D6FBC6300EC88D5 /* OfflineWidgetExtension.appex in Embed Foundation Extensions */,
			);
			name = "Embed Foundation Extensions";
			runOnlyForDeploymentPostprocessing = 0;
		};
/* End PBXCopyFilesBuildPhase section */

/* Begin PBXFileReference section */
		654F899E2D7E179000647B2D /* ManagedSettingsShieldConfig.appex */ = {isa = PBXFileReference; explicitFileType = "wrapper.app-extension"; includeInIndex = 0; path = ManagedSettingsShieldConfig.appex; sourceTree = BUILT_PRODUCTS_DIR; };
		654F899F2D7E179000647B2D /* ManagedSettings.framework */ = {isa = PBXFileReference; lastKnownFileType = wrapper.framework; name = ManagedSettings.framework; path = System/Library/Frameworks/ManagedSettings.framework; sourceTree = SDKROOT; };
		654F89A12D7E179000647B2D /* ManagedSettingsUI.framework */ = {isa = PBXFileReference; lastKnownFileType = wrapper.framework; name = ManagedSettingsUI.framework; path = System/Library/Frameworks/ManagedSettingsUI.framework; sourceTree = SDKROOT; };
		65C4D0B62D6FBC2E00EC88D5 /* The Offline Game.app */ = {isa = PBXFileReference; explicitFileType = wrapper.application; includeInIndex = 0; path = "The Offline Game.app"; sourceTree = BUILT_PRODUCTS_DIR; };
		65C4D0CB2D6FBC5A00EC88D5 /* OfflineWidgetExtension.appex */ = {isa = PBXFileReference; explicitFileType = "wrapper.app-extension"; includeInIndex = 0; path = OfflineWidgetExtension.appex; sourceTree = BUILT_PRODUCTS_DIR; };
		65C4D0CD2D6FBC5A00EC88D5 /* WidgetKit.framework */ = {isa = PBXFileReference; lastKnownFileType = wrapper.framework; name = WidgetKit.framework; path = System/Library/Frameworks/WidgetKit.framework; sourceTree = SDKROOT; };
		65C4D0CF2D6FBC5A00EC88D5 /* SwiftUI.framework */ = {isa = PBXFileReference; lastKnownFileType = wrapper.framework; name = SwiftUI.framework; path = System/Library/Frameworks/SwiftUI.framework; sourceTree = SDKROOT; };
/* End PBXFileReference section */

/* Begin PBXFileSystemSynchronizedBuildFileExceptionSet section */
		654F89AE2D7E179000647B2D /* Exceptions for "ManagedSettingsShieldConfig" folder in "ManagedSettingsShieldConfig" target */ = {
			isa = PBXFileSystemSynchronizedBuildFileExceptionSet;
			membershipExceptions = (
				Info.plist,
			);
			target = 654F899D2D7E179000647B2D /* ManagedSettingsShieldConfig */;
		};
		65C4D0EC2D6FBD1600EC88D5 /* Exceptions for "OfflineWidget" folder in "OfflineWidgetExtension" target */ = {
			isa = PBXFileSystemSynchronizedBuildFileExceptionSet;
			membershipExceptions = (
				Info.plist,
			);
			target = 65C4D0CA2D6FBC5A00EC88D5 /* OfflineWidgetExtension */;
		};
		65C4D1092D6FBD5200EC88D5 /* Exceptions for "Shared" folder in "The Offline Game" target */ = {
			isa = PBXFileSystemSynchronizedBuildFileExceptionSet;
			membershipExceptions = (
				"Constants (K).swift",
				"Fonts/Font extension.swift",
				Fonts/Maquire.ttf,
				"Fonts/RobotoCondensed-Bold.ttf",
				"Helper/Extension/Duration extension.swift",
				LiveActivityTimerAttributes.swift,
				Model/Age.swift,
				Model/AttributionModel.swift,
			);
			target = 65C4D0B52D6FBC2E00EC88D5 /* The Offline Game */;
		};
		65C4D1A72D6FBEB200EC88D5 /* Exceptions for "The Offline Game" folder in "The Offline Game" target */ = {
			isa = PBXFileSystemSynchronizedBuildFileExceptionSet;
			membershipExceptions = (
				TODOs.md,
			);
			target = 65C4D0B52D6FBC2E00EC88D5 /* The Offline Game */;
		};
/* End PBXFileSystemSynchronizedBuildFileExceptionSet section */

/* Begin PBXFileSystemSynchronizedRootGroup section */
		654F89A32D7E179000647B2D /* ManagedSettingsShieldConfig */ = {
			isa = PBXFileSystemSynchronizedRootGroup;
			exceptions = (
				654F89AE2D7E179000647B2D /* Exceptions for "ManagedSettingsShieldConfig" folder in "ManagedSettingsShieldConfig" target */,
			);
			path = ManagedSettingsShieldConfig;
			sourceTree = "<group>";
		};
		65C4D0B82D6FBC2E00EC88D5 /* The Offline Game */ = {
			isa = PBXFileSystemSynchronizedRootGroup;
			exceptions = (
				65C4D1A72D6FBEB200EC88D5 /* Exceptions for "The Offline Game" folder in "The Offline Game" target */,
			);
			path = "The Offline Game";
			sourceTree = "<group>";
		};
		65C4D0D12D6FBC5A00EC88D5 /* OfflineWidget */ = {
			isa = PBXFileSystemSynchronizedRootGroup;
			exceptions = (
				65C4D0EC2D6FBD1600EC88D5 /* Exceptions for "OfflineWidget" folder in "OfflineWidgetExtension" target */,
			);
			path = OfflineWidget;
			sourceTree = "<group>";
		};
		65C4D0E12D6FBC6E00EC88D5 /* Shared */ = {
			isa = PBXFileSystemSynchronizedRootGroup;
			exceptions = (
				65C4D1092D6FBD5200EC88D5 /* Exceptions for "Shared" folder in "The Offline Game" target */,
			);
			path = Shared;
			sourceTree = "<group>";
		};
/* End PBXFileSystemSynchronizedRootGroup section */

/* Begin PBXFrameworksBuildPhase section */
		654F899B2D7E179000647B2D /* Frameworks */ = {
			isa = PBXFrameworksBuildPhase;
			buildActionMask = 2147483647;
			files = (
				654F89A02D7E179000647B2D /* ManagedSettings.framework in Frameworks */,
				654F89A22D7E179000647B2D /* ManagedSettingsUI.framework in Frameworks */,
			);
			runOnlyForDeploymentPostprocessing = 0;
		};
		65C4D0B32D6FBC2E00EC88D5 /* Frameworks */ = {
			isa = PBXFrameworksBuildPhase;
			buildActionMask = 2147483647;
			files = (
				65C4D31F2D6FC06D00EC88D5 /* WishKit in Frameworks */,
				65C4D3222D6FC07800EC88D5 /* ConnectivityKit in Frameworks */,
				65C4D3252D6FC0ED00EC88D5 /* FirebaseDatabase in Frameworks */,
				65C4D31C2D6FC06400EC88D5 /* Lottie in Frameworks */,
			);
			runOnlyForDeploymentPostprocessing = 0;
		};
		65C4D0C82D6FBC5A00EC88D5 /* Frameworks */ = {
			isa = PBXFrameworksBuildPhase;
			buildActionMask = 2147483647;
			files = (
				65C4D0D02D6FBC5A00EC88D5 /* SwiftUI.framework in Frameworks */,
				65C4D0CE2D6FBC5A00EC88D5 /* WidgetKit.framework in Frameworks */,
			);
			runOnlyForDeploymentPostprocessing = 0;
		};
/* End PBXFrameworksBuildPhase section */

/* Begin PBXGroup section */
		65C4D0AD2D6FBC2E00EC88D5 = {
			isa = PBXGroup;
			children = (
				65C4D0E12D6FBC6E00EC88D5 /* Shared */,
				65C4D0B82D6FBC2E00EC88D5 /* The Offline Game */,
				65C4D0D12D6FBC5A00EC88D5 /* OfflineWidget */,
				654F89A32D7E179000647B2D /* ManagedSettingsShieldConfig */,
				65C4D0CC2D6FBC5A00EC88D5 /* Frameworks */,
				65C4D0B72D6FBC2E00EC88D5 /* Products */,
			);
			sourceTree = "<group>";
		};
		65C4D0B72D6FBC2E00EC88D5 /* Products */ = {
			isa = PBXGroup;
			children = (
				65C4D0B62D6FBC2E00EC88D5 /* The Offline Game.app */,
				65C4D0CB2D6FBC5A00EC88D5 /* OfflineWidgetExtension.appex */,
				654F899E2D7E179000647B2D /* ManagedSettingsShieldConfig.appex */,
			);
			name = Products;
			sourceTree = "<group>";
		};
		65C4D0CC2D6FBC5A00EC88D5 /* Frameworks */ = {
			isa = PBXGroup;
			children = (
				65C4D0CD2D6FBC5A00EC88D5 /* WidgetKit.framework */,
				65C4D0CF2D6FBC5A00EC88D5 /* SwiftUI.framework */,
				654F899F2D7E179000647B2D /* ManagedSettings.framework */,
				654F89A12D7E179000647B2D /* ManagedSettingsUI.framework */,
			);
			name = Frameworks;
			sourceTree = "<group>";
		};
/* End PBXGroup section */

/* Begin PBXNativeTarget section */
		654F899D2D7E179000647B2D /* ManagedSettingsShieldConfig */ = {
			isa = PBXNativeTarget;
			buildConfigurationList = 654F89AB2D7E179000647B2D /* Build configuration list for PBXNativeTarget "ManagedSettingsShieldConfig" */;
			buildPhases = (
				654F899A2D7E179000647B2D /* Sources */,
				654F899B2D7E179000647B2D /* Frameworks */,
				654F899C2D7E179000647B2D /* Resources */,
			);
			buildRules = (
			);
			dependencies = (
			);
			fileSystemSynchronizedGroups = (
				654F89A32D7E179000647B2D /* ManagedSettingsShieldConfig */,
			);
			name = ManagedSettingsShieldConfig;
			packageProductDependencies = (
			);
			productName = ManagedSettingsShieldConfig;
			productReference = 654F899E2D7E179000647B2D /* ManagedSettingsShieldConfig.appex */;
			productType = "com.apple.product-type.app-extension";
		};
		65C4D0B52D6FBC2E00EC88D5 /* The Offline Game */ = {
			isa = PBXNativeTarget;
			buildConfigurationList = 65C4D0C42D6FBC3100EC88D5 /* Build configuration list for PBXNativeTarget "The Offline Game" */;
			buildPhases = (
				65C4D0B22D6FBC2E00EC88D5 /* Sources */,
				65C4D0B32D6FBC2E00EC88D5 /* Frameworks */,
				65C4D0B42D6FBC2E00EC88D5 /* Resources */,
				65C4D0E02D6FBC6300EC88D5 /* Embed Foundation Extensions */,
			);
			buildRules = (
			);
			dependencies = (
				65C4D0DA2D6FBC6300EC88D5 /* PBXTargetDependency */,
				654F89A92D7E179000647B2D /* PBXTargetDependency */,
			);
			fileSystemSynchronizedGroups = (
				65C4D0B82D6FBC2E00EC88D5 /* The Offline Game */,
			);
			name = "The Offline Game";
			packageProductDependencies = (
				65C4D31B2D6FC06400EC88D5 /* Lottie */,
				65C4D31E2D6FC06D00EC88D5 /* WishKit */,
				65C4D3212D6FC07800EC88D5 /* ConnectivityKit */,
				65C4D3242D6FC0ED00EC88D5 /* FirebaseDatabase */,
			);
			productName = "The Offline Game";
			productReference = 65C4D0B62D6FBC2E00EC88D5 /* The Offline Game.app */;
			productType = "com.apple.product-type.application";
		};
		65C4D0CA2D6FBC5A00EC88D5 /* OfflineWidgetExtension */ = {
			isa = PBXNativeTarget;
			buildConfigurationList = 65C4D0DD2D6FBC6300EC88D5 /* Build configuration list for PBXNativeTarget "OfflineWidgetExtension" */;
			buildPhases = (
				65C4D0C72D6FBC5A00EC88D5 /* Sources */,
				65C4D0C82D6FBC5A00EC88D5 /* Frameworks */,
				65C4D0C92D6FBC5A00EC88D5 /* Resources */,
			);
			buildRules = (
			);
			dependencies = (
			);
			fileSystemSynchronizedGroups = (
				65C4D0D12D6FBC5A00EC88D5 /* OfflineWidget */,
				65C4D0E12D6FBC6E00EC88D5 /* Shared */,
			);
			name = OfflineWidgetExtension;
			packageProductDependencies = (
			);
			productName = OfflineWidgetExtension;
			productReference = 65C4D0CB2D6FBC5A00EC88D5 /* OfflineWidgetExtension.appex */;
			productType = "com.apple.product-type.app-extension";
		};
/* End PBXNativeTarget section */

/* Begin PBXProject section */
		65C4D0AE2D6FBC2E00EC88D5 /* Project object */ = {
			isa = PBXProject;
			attributes = {
				BuildIndependentTargetsInParallel = 1;
				LastSwiftUpdateCheck = 1620;
				LastUpgradeCheck = 1620;
				TargetAttributes = {
					654F899D2D7E179000647B2D = {
						CreatedOnToolsVersion = 16.2;
					};
					65C4D0B52D6FBC2E00EC88D5 = {
						CreatedOnToolsVersion = 16.2;
					};
					65C4D0CA2D6FBC5A00EC88D5 = {
						CreatedOnToolsVersion = 16.2;
						LastSwiftMigration = 1620;
					};
				};
			};
			buildConfigurationList = 65C4D0B12D6FBC2E00EC88D5 /* Build configuration list for PBXProject "The Offline Game" */;
			developmentRegion = en;
			hasScannedForEncodings = 0;
			knownRegions = (
				en,
				Base,
			);
			mainGroup = 65C4D0AD2D6FBC2E00EC88D5;
			minimizedProjectReferenceProxies = 1;
			packageReferences = (
				65C4D31A2D6FC06400EC88D5 /* XCRemoteSwiftPackageReference "lottie-ios" */,
				65C4D31D2D6FC06D00EC88D5 /* XCRemoteSwiftPackageReference "wishkit-ios" */,
				65C4D3202D6FC07800EC88D5 /* XCRemoteSwiftPackageReference "ConnectivityKit" */,
				65C4D3232D6FC0ED00EC88D5 /* XCRemoteSwiftPackageReference "firebase-ios-sdk" */,
			);
			preferredProjectObjectVersion = 77;
			productRefGroup = 65C4D0B72D6FBC2E00EC88D5 /* Products */;
			projectDirPath = "";
			projectRoot = "";
			targets = (
				65C4D0B52D6FBC2E00EC88D5 /* The Offline Game */,
				65C4D0CA2D6FBC5A00EC88D5 /* OfflineWidgetExtension */,
				654F899D2D7E179000647B2D /* ManagedSettingsShieldConfig */,
			);
		};
/* End PBXProject section */

/* Begin PBXResourcesBuildPhase section */
		654F899C2D7E179000647B2D /* Resources */ = {
			isa = PBXResourcesBuildPhase;
			buildActionMask = 2147483647;
			files = (
			);
			runOnlyForDeploymentPostprocessing = 0;
		};
		65C4D0B42D6FBC2E00EC88D5 /* Resources */ = {
			isa = PBXResourcesBuildPhase;
			buildActionMask = 2147483647;
			files = (
			);
			runOnlyForDeploymentPostprocessing = 0;
		};
		65C4D0C92D6FBC5A00EC88D5 /* Resources */ = {
			isa = PBXResourcesBuildPhase;
			buildActionMask = 2147483647;
			files = (
			);
			runOnlyForDeploymentPostprocessing = 0;
		};
/* End PBXResourcesBuildPhase section */

/* Begin PBXSourcesBuildPhase section */
		654F899A2D7E179000647B2D /* Sources */ = {
			isa = PBXSourcesBuildPhase;
			buildActionMask = 2147483647;
			files = (
			);
			runOnlyForDeploymentPostprocessing = 0;
		};
		65C4D0B22D6FBC2E00EC88D5 /* Sources */ = {
			isa = PBXSourcesBuildPhase;
			buildActionMask = 2147483647;
			files = (
			);
			runOnlyForDeploymentPostprocessing = 0;
		};
		65C4D0C72D6FBC5A00EC88D5 /* Sources */ = {
			isa = PBXSourcesBuildPhase;
			buildActionMask = 2147483647;
			files = (
			);
			runOnlyForDeploymentPostprocessing = 0;
		};
/* End PBXSourcesBuildPhase section */

/* Begin PBXTargetDependency section */
		654F89A92D7E179000647B2D /* PBXTargetDependency */ = {
			isa = PBXTargetDependency;
			target = 654F899D2D7E179000647B2D /* ManagedSettingsShieldConfig */;
			targetProxy = 654F89A82D7E179000647B2D /* PBXContainerItemProxy */;
		};
		65C4D0DA2D6FBC6300EC88D5 /* PBXTargetDependency */ = {
			isa = PBXTargetDependency;
			target = 65C4D0CA2D6FBC5A00EC88D5 /* OfflineWidgetExtension */;
			targetProxy = 65C4D0D92D6FBC6300EC88D5 /* PBXContainerItemProxy */;
		};
/* End PBXTargetDependency section */

/* Begin XCBuildConfiguration section */
		654F89AC2D7E179000647B2D /* Debug */ = {
			isa = XCBuildConfiguration;
			buildSettings = {
				CODE_SIGN_ENTITLEMENTS = ManagedSettingsShieldConfig/ManagedSettingsShieldConfig.entitlements;
				CODE_SIGN_STYLE = Automatic;
				CURRENT_PROJECT_VERSION = 1;
				DEVELOPMENT_TEAM = JGS842YL6F;
				GENERATE_INFOPLIST_FILE = YES;
				INFOPLIST_FILE = ManagedSettingsShieldConfig/Info.plist;
				INFOPLIST_KEY_CFBundleDisplayName = ManagedSettingsShieldConfig;
				INFOPLIST_KEY_NSHumanReadableCopyright = "";
				LD_RUNPATH_SEARCH_PATHS = (
					"$(inherited)",
					"@executable_path/Frameworks",
					"@executable_path/../../Frameworks",
				);
				MARKETING_VERSION = 1.0;
				PRODUCT_BUNDLE_IDENTIFIER = "co.antigrav.The-Offline-Game.ManagedSettingsShieldConfig";
				PRODUCT_NAME = "$(TARGET_NAME)";
				SKIP_INSTALL = YES;
				SWIFT_EMIT_LOC_STRINGS = YES;
				SWIFT_VERSION = 5.0;
				TARGETED_DEVICE_FAMILY = "1,2";
			};
			name = Debug;
		};
		654F89AD2D7E179000647B2D /* Release */ = {
			isa = XCBuildConfiguration;
			buildSettings = {
				CODE_SIGN_ENTITLEMENTS = ManagedSettingsShieldConfig/ManagedSettingsShieldConfig.entitlements;
				CODE_SIGN_STYLE = Automatic;
				CURRENT_PROJECT_VERSION = 1;
				DEVELOPMENT_TEAM = JGS842YL6F;
				GENERATE_INFOPLIST_FILE = YES;
				INFOPLIST_FILE = ManagedSettingsShieldConfig/Info.plist;
				INFOPLIST_KEY_CFBundleDisplayName = ManagedSettingsShieldConfig;
				INFOPLIST_KEY_NSHumanReadableCopyright = "";
				LD_RUNPATH_SEARCH_PATHS = (
					"$(inherited)",
					"@executable_path/Frameworks",
					"@executable_path/../../Frameworks",
				);
				MARKETING_VERSION = 1.0;
				PRODUCT_BUNDLE_IDENTIFIER = "co.antigrav.The-Offline-Game.ManagedSettingsShieldConfig";
				PRODUCT_NAME = "$(TARGET_NAME)";
				SKIP_INSTALL = YES;
				SWIFT_EMIT_LOC_STRINGS = YES;
				SWIFT_VERSION = 5.0;
				TARGETED_DEVICE_FAMILY = "1,2";
			};
			name = Release;
		};
		65C4D0C22D6FBC3100EC88D5 /* Debug */ = {
			isa = XCBuildConfiguration;
			buildSettings = {
				ALWAYS_SEARCH_USER_PATHS = NO;
				ASSETCATALOG_COMPILER_GENERATE_SWIFT_ASSET_SYMBOL_EXTENSIONS = YES;
				CLANG_ANALYZER_NONNULL = YES;
				CLANG_ANALYZER_NUMBER_OBJECT_CONVERSION = YES_AGGRESSIVE;
				CLANG_CXX_LANGUAGE_STANDARD = "gnu++20";
				CLANG_ENABLE_MODULES = YES;
				CLANG_ENABLE_OBJC_ARC = YES;
				CLANG_ENABLE_OBJC_WEAK = YES;
				CLANG_WARN_BLOCK_CAPTURE_AUTORELEASING = YES;
				CLANG_WARN_BOOL_CONVERSION = YES;
				CLANG_WARN_COMMA = YES;
				CLANG_WARN_CONSTANT_CONVERSION = YES;
				CLANG_WARN_DEPRECATED_OBJC_IMPLEMENTATIONS = YES;
				CLANG_WARN_DIRECT_OBJC_ISA_USAGE = YES_ERROR;
				CLANG_WARN_DOCUMENTATION_COMMENTS = YES;
				CLANG_WARN_EMPTY_BODY = YES;
				CLANG_WARN_ENUM_CONVERSION = YES;
				CLANG_WARN_INFINITE_RECURSION = YES;
				CLANG_WARN_INT_CONVERSION = YES;
				CLANG_WARN_NON_LITERAL_NULL_CONVERSION = YES;
				CLANG_WARN_OBJC_IMPLICIT_RETAIN_SELF = YES;
				CLANG_WARN_OBJC_LITERAL_CONVERSION = YES;
				CLANG_WARN_OBJC_ROOT_CLASS = YES_ERROR;
				CLANG_WARN_QUOTED_INCLUDE_IN_FRAMEWORK_HEADER = YES;
				CLANG_WARN_RANGE_LOOP_ANALYSIS = YES;
				CLANG_WARN_STRICT_PROTOTYPES = YES;
				CLANG_WARN_SUSPICIOUS_MOVE = YES;
				CLANG_WARN_UNGUARDED_AVAILABILITY = YES_AGGRESSIVE;
				CLANG_WARN_UNREACHABLE_CODE = YES;
				CLANG_WARN__DUPLICATE_METHOD_MATCH = YES;
				COPY_PHASE_STRIP = NO;
				DEBUG_INFORMATION_FORMAT = dwarf;
				ENABLE_STRICT_OBJC_MSGSEND = YES;
				ENABLE_TESTABILITY = YES;
				ENABLE_USER_SCRIPT_SANDBOXING = YES;
				GCC_C_LANGUAGE_STANDARD = gnu17;
				GCC_DYNAMIC_NO_PIC = NO;
				GCC_NO_COMMON_BLOCKS = YES;
				GCC_OPTIMIZATION_LEVEL = 0;
				GCC_PREPROCESSOR_DEFINITIONS = (
					"DEBUG=1",
					"$(inherited)",
				);
				GCC_WARN_64_TO_32_BIT_CONVERSION = YES;
				GCC_WARN_ABOUT_RETURN_TYPE = YES_ERROR;
				GCC_WARN_UNDECLARED_SELECTOR = YES;
				GCC_WARN_UNINITIALIZED_AUTOS = YES_AGGRESSIVE;
				GCC_WARN_UNUSED_FUNCTION = YES;
				GCC_WARN_UNUSED_VARIABLE = YES;
				IPHONEOS_DEPLOYMENT_TARGET = 18.2;
				LOCALIZATION_PREFERS_STRING_CATALOGS = YES;
				MTL_ENABLE_DEBUG_INFO = INCLUDE_SOURCE;
				MTL_FAST_MATH = YES;
				ONLY_ACTIVE_ARCH = YES;
				SDKROOT = iphoneos;
				SWIFT_ACTIVE_COMPILATION_CONDITIONS = "DEBUG $(inherited)";
				SWIFT_OPTIMIZATION_LEVEL = "-Onone";
			};
			name = Debug;
		};
		65C4D0C32D6FBC3100EC88D5 /* Release */ = {
			isa = XCBuildConfiguration;
			buildSettings = {
				ALWAYS_SEARCH_USER_PATHS = NO;
				ASSETCATALOG_COMPILER_GENERATE_SWIFT_ASSET_SYMBOL_EXTENSIONS = YES;
				CLANG_ANALYZER_NONNULL = YES;
				CLANG_ANALYZER_NUMBER_OBJECT_CONVERSION = YES_AGGRESSIVE;
				CLANG_CXX_LANGUAGE_STANDARD = "gnu++20";
				CLANG_ENABLE_MODULES = YES;
				CLANG_ENABLE_OBJC_ARC = YES;
				CLANG_ENABLE_OBJC_WEAK = YES;
				CLANG_WARN_BLOCK_CAPTURE_AUTORELEASING = YES;
				CLANG_WARN_BOOL_CONVERSION = YES;
				CLANG_WARN_COMMA = YES;
				CLANG_WARN_CONSTANT_CONVERSION = YES;
				CLANG_WARN_DEPRECATED_OBJC_IMPLEMENTATIONS = YES;
				CLANG_WARN_DIRECT_OBJC_ISA_USAGE = YES_ERROR;
				CLANG_WARN_DOCUMENTATION_COMMENTS = YES;
				CLANG_WARN_EMPTY_BODY = YES;
				CLANG_WARN_ENUM_CONVERSION = YES;
				CLANG_WARN_INFINITE_RECURSION = YES;
				CLANG_WARN_INT_CONVERSION = YES;
				CLANG_WARN_NON_LITERAL_NULL_CONVERSION = YES;
				CLANG_WARN_OBJC_IMPLICIT_RETAIN_SELF = YES;
				CLANG_WARN_OBJC_LITERAL_CONVERSION = YES;
				CLANG_WARN_OBJC_ROOT_CLASS = YES_ERROR;
				CLANG_WARN_QUOTED_INCLUDE_IN_FRAMEWORK_HEADER = YES;
				CLANG_WARN_RANGE_LOOP_ANALYSIS = YES;
				CLANG_WARN_STRICT_PROTOTYPES = YES;
				CLANG_WARN_SUSPICIOUS_MOVE = YES;
				CLANG_WARN_UNGUARDED_AVAILABILITY = YES_AGGRESSIVE;
				CLANG_WARN_UNREACHABLE_CODE = YES;
				CLANG_WARN__DUPLICATE_METHOD_MATCH = YES;
				COPY_PHASE_STRIP = NO;
				DEBUG_INFORMATION_FORMAT = "dwarf-with-dsym";
				ENABLE_NS_ASSERTIONS = NO;
				ENABLE_STRICT_OBJC_MSGSEND = YES;
				ENABLE_USER_SCRIPT_SANDBOXING = YES;
				GCC_C_LANGUAGE_STANDARD = gnu17;
				GCC_NO_COMMON_BLOCKS = YES;
				GCC_WARN_64_TO_32_BIT_CONVERSION = YES;
				GCC_WARN_ABOUT_RETURN_TYPE = YES_ERROR;
				GCC_WARN_UNDECLARED_SELECTOR = YES;
				GCC_WARN_UNINITIALIZED_AUTOS = YES_AGGRESSIVE;
				GCC_WARN_UNUSED_FUNCTION = YES;
				GCC_WARN_UNUSED_VARIABLE = YES;
				IPHONEOS_DEPLOYMENT_TARGET = 18.2;
				LOCALIZATION_PREFERS_STRING_CATALOGS = YES;
				MTL_ENABLE_DEBUG_INFO = NO;
				MTL_FAST_MATH = YES;
				SDKROOT = iphoneos;
				SWIFT_COMPILATION_MODE = wholemodule;
				VALIDATE_PRODUCT = YES;
			};
			name = Release;
		};
		65C4D0C52D6FBC3100EC88D5 /* Debug */ = {
			isa = XCBuildConfiguration;
			buildSettings = {
				ASSETCATALOG_COMPILER_APPICON_NAME = AppIcon;
				ASSETCATALOG_COMPILER_GLOBAL_ACCENT_COLOR_NAME = AccentColor;
				CODE_SIGN_ENTITLEMENTS = "The Offline Game/The Offline Game.entitlements";
				CODE_SIGN_STYLE = Automatic;
				CURRENT_PROJECT_VERSION = 1;
				DEVELOPMENT_ASSET_PATHS = "\"The Offline Game/Preview Content\"";
				DEVELOPMENT_TEAM = JGS842YL6F;
				ENABLE_PREVIEWS = YES;
				GENERATE_INFOPLIST_FILE = YES;
				INFOPLIST_FILE = "The-Offline-Game-Info.plist";
				INFOPLIST_KEY_NSSupportsLiveActivities = YES;
				INFOPLIST_KEY_UIApplicationSceneManifest_Generation = YES;
				INFOPLIST_KEY_UIApplicationSupportsIndirectInputEvents = YES;
				INFOPLIST_KEY_UISupportedInterfaceOrientations_iPad = "UIInterfaceOrientationPortrait UIInterfaceOrientationPortraitUpsideDown UIInterfaceOrientationLandscapeLeft UIInterfaceOrientationLandscapeRight";
				INFOPLIST_KEY_UISupportedInterfaceOrientations_iPhone = "UIInterfaceOrientationPortrait UIInterfaceOrientationPortraitUpsideDown";
				LD_RUNPATH_SEARCH_PATHS = (
					"$(inherited)",
					"@executable_path/Frameworks",
				);
				MARKETING_VERSION = 1.0;
				PRODUCT_BUNDLE_IDENTIFIER = "co.antigrav.The-Offline-Game";
				PRODUCT_NAME = "$(TARGET_NAME)";
				SWIFT_EMIT_LOC_STRINGS = YES;
				SWIFT_VERSION = 5.0;
				TARGETED_DEVICE_FAMILY = "1,2";
			};
			name = Debug;
		};
		65C4D0C62D6FBC3100EC88D5 /* Release */ = {
			isa = XCBuildConfiguration;
			buildSettings = {
				ASSETCATALOG_COMPILER_APPICON_NAME = AppIcon;
				ASSETCATALOG_COMPILER_GLOBAL_ACCENT_COLOR_NAME = AccentColor;
				CODE_SIGN_ENTITLEMENTS = "The Offline Game/The Offline Game.entitlements";
				CODE_SIGN_STYLE = Automatic;
				CURRENT_PROJECT_VERSION = 1;
				DEVELOPMENT_ASSET_PATHS = "\"The Offline Game/Preview Content\"";
				DEVELOPMENT_TEAM = JGS842YL6F;
				ENABLE_PREVIEWS = YES;
				GENERATE_INFOPLIST_FILE = YES;
				INFOPLIST_FILE = "The-Offline-Game-Info.plist";
				INFOPLIST_KEY_NSSupportsLiveActivities = YES;
				INFOPLIST_KEY_UIApplicationSceneManifest_Generation = YES;
				INFOPLIST_KEY_UIApplicationSupportsIndirectInputEvents = YES;
				INFOPLIST_KEY_UISupportedInterfaceOrientations_iPad = "UIInterfaceOrientationPortrait UIInterfaceOrientationPortraitUpsideDown UIInterfaceOrientationLandscapeLeft UIInterfaceOrientationLandscapeRight";
				INFOPLIST_KEY_UISupportedInterfaceOrientations_iPhone = "UIInterfaceOrientationPortrait UIInterfaceOrientationPortraitUpsideDown";
				LD_RUNPATH_SEARCH_PATHS = (
					"$(inherited)",
					"@executable_path/Frameworks",
				);
				MARKETING_VERSION = 1.0;
				PRODUCT_BUNDLE_IDENTIFIER = "co.antigrav.The-Offline-Game";
				PRODUCT_NAME = "$(TARGET_NAME)";
				SWIFT_EMIT_LOC_STRINGS = YES;
				SWIFT_VERSION = 5.0;
				TARGETED_DEVICE_FAMILY = "1,2";
			};
			name = Release;
		};
		65C4D0DE2D6FBC6300EC88D5 /* Debug */ = {
			isa = XCBuildConfiguration;
			buildSettings = {
				ASSETCATALOG_COMPILER_GLOBAL_ACCENT_COLOR_NAME = AccentColor;
				ASSETCATALOG_COMPILER_WIDGET_BACKGROUND_COLOR_NAME = WidgetBackground;
				CLANG_ENABLE_MODULES = YES;
				CODE_SIGN_STYLE = Automatic;
				CURRENT_PROJECT_VERSION = 1;
				DEVELOPMENT_TEAM = JGS842YL6F;
				GENERATE_INFOPLIST_FILE = YES;
				INFOPLIST_FILE = OfflineWidget/Info.plist;
				INFOPLIST_KEY_CFBundleDisplayName = OfflineWidget;
				INFOPLIST_KEY_NSHumanReadableCopyright = "";
				LD_RUNPATH_SEARCH_PATHS = (
					"$(inherited)",
					"@executable_path/Frameworks",
					"@executable_path/../../Frameworks",
				);
				MARKETING_VERSION = 1.0;
				PRODUCT_BUNDLE_IDENTIFIER = "co.antigrav.The-Offline-Game.OfflineWidget";
				PRODUCT_NAME = "$(TARGET_NAME)";
				SKIP_INSTALL = YES;
				SWIFT_EMIT_LOC_STRINGS = YES;
				SWIFT_OPTIMIZATION_LEVEL = "-Onone";
				SWIFT_VERSION = 5.0;
				TARGETED_DEVICE_FAMILY = "1,2";
			};
			name = Debug;
		};
		65C4D0DF2D6FBC6300EC88D5 /* Release */ = {
			isa = XCBuildConfiguration;
			buildSettings = {
				ASSETCATALOG_COMPILER_GLOBAL_ACCENT_COLOR_NAME = AccentColor;
				ASSETCATALOG_COMPILER_WIDGET_BACKGROUND_COLOR_NAME = WidgetBackground;
				CLANG_ENABLE_MODULES = YES;
				CODE_SIGN_STYLE = Automatic;
				CURRENT_PROJECT_VERSION = 1;
				DEVELOPMENT_TEAM = JGS842YL6F;
				GENERATE_INFOPLIST_FILE = YES;
				INFOPLIST_FILE = OfflineWidget/Info.plist;
				INFOPLIST_KEY_CFBundleDisplayName = OfflineWidget;
				INFOPLIST_KEY_NSHumanReadableCopyright = "";
				LD_RUNPATH_SEARCH_PATHS = (
					"$(inherited)",
					"@executable_path/Frameworks",
					"@executable_path/../../Frameworks",
				);
				MARKETING_VERSION = 1.0;
				PRODUCT_BUNDLE_IDENTIFIER = "co.antigrav.The-Offline-Game.OfflineWidget";
				PRODUCT_NAME = "$(TARGET_NAME)";
				SKIP_INSTALL = YES;
				SWIFT_EMIT_LOC_STRINGS = YES;
				SWIFT_VERSION = 5.0;
				TARGETED_DEVICE_FAMILY = "1,2";
			};
			name = Release;
		};
/* End XCBuildConfiguration section */

/* Begin XCConfigurationList section */
		654F89AB2D7E179000647B2D /* Build configuration list for PBXNativeTarget "ManagedSettingsShieldConfig" */ = {
			isa = XCConfigurationList;
			buildConfigurations = (
				654F89AC2D7E179000647B2D /* Debug */,
				654F89AD2D7E179000647B2D /* Release */,
			);
			defaultConfigurationIsVisible = 0;
			defaultConfigurationName = Release;
		};
		65C4D0B12D6FBC2E00EC88D5 /* Build configuration list for PBXProject "The Offline Game" */ = {
			isa = XCConfigurationList;
			buildConfigurations = (
				65C4D0C22D6FBC3100EC88D5 /* Debug */,
				65C4D0C32D6FBC3100EC88D5 /* Release */,
			);
			defaultConfigurationIsVisible = 0;
			defaultConfigurationName = Release;
		};
		65C4D0C42D6FBC3100EC88D5 /* Build configuration list for PBXNativeTarget "The Offline Game" */ = {
			isa = XCConfigurationList;
			buildConfigurations = (
				65C4D0C52D6FBC3100EC88D5 /* Debug */,
				65C4D0C62D6FBC3100EC88D5 /* Release */,
			);
			defaultConfigurationIsVisible = 0;
			defaultConfigurationName = Release;
		};
		65C4D0DD2D6FBC6300EC88D5 /* Build configuration list for PBXNativeTarget "OfflineWidgetExtension" */ = {
			isa = XCConfigurationList;
			buildConfigurations = (
				65C4D0DE2D6FBC6300EC88D5 /* Debug */,
				65C4D0DF2D6FBC6300EC88D5 /* Release */,
			);
			defaultConfigurationIsVisible = 0;
			defaultConfigurationName = Release;
		};
/* End XCConfigurationList section */

/* Begin XCRemoteSwiftPackageReference section */
		65C4D31A2D6FC06400EC88D5 /* XCRemoteSwiftPackageReference "lottie-ios" */ = {
			isa = XCRemoteSwiftPackageReference;
			repositoryURL = "https://github.com/airbnb/lottie-ios.git";
			requirement = {
				kind = upToNextMajorVersion;
				minimumVersion = 4.5.1;
			};
		};
		65C4D31D2D6FC06D00EC88D5 /* XCRemoteSwiftPackageReference "wishkit-ios" */ = {
			isa = XCRemoteSwiftPackageReference;
			repositoryURL = "https://github.com/wishkit/wishkit-ios";
			requirement = {
				kind = upToNextMajorVersion;
				minimumVersion = 4.7.0;
			};
		};
		65C4D3202D6FC07800EC88D5 /* XCRemoteSwiftPackageReference "ConnectivityKit" */ = {
			isa = XCRemoteSwiftPackageReference;
			repositoryURL = "https://github.com/AsyncSwiftKits/ConnectivityKit";
			requirement = {
				kind = upToNextMajorVersion;
				minimumVersion = 1.1.0;
			};
		};
		65C4D3232D6FC0ED00EC88D5 /* XCRemoteSwiftPackageReference "firebase-ios-sdk" */ = {
			isa = XCRemoteSwiftPackageReference;
			repositoryURL = "https://github.com/firebase/firebase-ios-sdk";
			requirement = {
				kind = upToNextMajorVersion;
				minimumVersion = 11.9.0;
			};
		};
/* End XCRemoteSwiftPackageReference section */

/* Begin XCSwiftPackageProductDependency section */
		65C4D31B2D6FC06400EC88D5 /* Lottie */ = {
			isa = XCSwiftPackageProductDependency;
			package = 65C4D31A2D6FC06400EC88D5 /* XCRemoteSwiftPackageReference "lottie-ios" */;
			productName = Lottie;
		};
		65C4D31E2D6FC06D00EC88D5 /* WishKit */ = {
			isa = XCSwiftPackageProductDependency;
			package = 65C4D31D2D6FC06D00EC88D5 /* XCRemoteSwiftPackageReference "wishkit-ios" */;
			productName = WishKit;
		};
		65C4D3212D6FC07800EC88D5 /* ConnectivityKit */ = {
			isa = XCSwiftPackageProductDependency;
			package = 65C4D3202D6FC07800EC88D5 /* XCRemoteSwiftPackageReference "ConnectivityKit" */;
			productName = ConnectivityKit;
		};
		65C4D3242D6FC0ED00EC88D5 /* FirebaseDatabase */ = {
			isa = XCSwiftPackageProductDependency;
			package = 65C4D3232D6FC0ED00EC88D5 /* XCRemoteSwiftPackageReference "firebase-ios-sdk" */;
			productName = FirebaseDatabase;
		};
/* End XCSwiftPackageProductDependency section */
	};
	rootObject = 65C4D0AE2D6FBC2E00EC88D5 /* Project object */;
}
